dependencies:
  idf:
    component_hash: null
    source:
      type: idf
    version: 5.2.1
  protocol_examples_common:
    component_hash: null
    source:
      path: C:\Users\User\esp\v5.2.1\esp-idf\examples\common_components\protocol_examples_common
      type: local
    version: '*'
manifest_hash: 9234bfa7a12c6cb4337d924d1c958a8a2324924c3afe8a1613e0a0231a0dc719
target: esp32
version: 1.0.0
